
Microsoft Visual Studio Solution File, Format Version 12.00
# Visual Studio 2012
Project("{FAE04EC0-301F-11D3-BF4B-00C04F79EFBC}") = "01-Sum-of-3-numbers", "01-Sum-of-3-numbers\01-Sum-of-3-numbers.csproj", "{E0073F92-F336-4F7F-A08C-7AC8D818165D}"
EndProject
Project("{FAE04EC0-301F-11D3-BF4B-00C04F79EFBC}") = "02-Print-company-information", "02-Print-company-information\02-Print-company-information.csproj", "{8E77DC08-6D70-4C2F-909B-66DA2B972341}"
EndProject
Project("{FAE04EC0-301F-11D3-BF4B-00C04F79EFBC}") = "03-Circle-Perimeter-and-Area", "03-Circle-Perimeter-and-Area\03-Circle-Perimeter-and-Area.csproj", "{271648B8-4596-4444-80F9-0ED6999859B5}"
EndProject
Project("{FAE04EC0-301F-11D3-BF4B-00C04F79EFBC}") = "04-Number-comparer", "04-Number-comparer\04-Number-comparer.csproj", "{A89A2ADA-D5F2-4286-A72E-05F21C592B6F}"
EndProject
Project("{FAE04EC0-301F-11D3-BF4B-00C04F79EFBC}") = "05-Formatting-numbers", "05-Formatting-numbers\05-Formatting-numbers.csproj", "{B5FF8ECF-A6D0-4453-9A9A-31454D8039F3}"
EndProject
Project("{FAE04EC0-301F-11D3-BF4B-00C04F79EFBC}") = "06-Quadratic-equation", "06-Quadratic-equation\06-Quadratic-equation.csproj", "{308DF8EE-60C2-4AD2-9581-B973AC91C33D}"
EndProject
Project("{FAE04EC0-301F-11D3-BF4B-00C04F79EFBC}") = "07-Sum-of-5-numbers", "07-Sum-of-5-numbers\07-Sum-of-5-numbers.csproj", "{E0B020E7-BFC6-4D43-8528-83A3BFF2F724}"
EndProject
Project("{FAE04EC0-301F-11D3-BF4B-00C04F79EFBC}") = "08-Numbers-from-1-to-N", "08-Numbers-from-1-to-N\08-Numbers-from-1-to-N.csproj", "{6A6A4CB8-8F69-405D-81DD-70DB867D0CAB}"
EndProject
Project("{FAE04EC0-301F-11D3-BF4B-00C04F79EFBC}") = "09-Sum-of-N-numbers", "09-Sum-of-N-numbers\09-Sum-of-N-numbers.csproj", "{413D845B-A7CA-41BD-9770-C6B4A3EBB92A}"
EndProject
Project("{FAE04EC0-301F-11D3-BF4B-00C04F79EFBC}") = "10-Fibonacci-numbers", "10-Fibonacci-numbers\10-Fibonacci-numbers.csproj", "{7D775B46-FD70-4A26-82EC-4A249EB5AF33}"
EndProject
Project("{FAE04EC0-301F-11D3-BF4B-00C04F79EFBC}") = "11-Dividable-numbers-in-interval", "11-Numbers-in-interval-dividable-by-given-number\11-Dividable-numbers-in-interval.csproj", "{2A8E8BEB-26AC-4346-AD5F-F709B395C367}"
EndProject
Global
	GlobalSection(SolutionConfigurationPlatforms) = preSolution
		Debug|Any CPU = Debug|Any CPU
		Release|Any CPU = Release|Any CPU
	EndGlobalSection
	GlobalSection(ProjectConfigurationPlatforms) = postSolution
		{E0073F92-F336-4F7F-A08C-7AC8D818165D}.Debug|Any CPU.ActiveCfg = Debug|Any CPU
		{E0073F92-F336-4F7F-A08C-7AC8D818165D}.Debug|Any CPU.Build.0 = Debug|Any CPU
		{E0073F92-F336-4F7F-A08C-7AC8D818165D}.Release|Any CPU.ActiveCfg = Release|Any CPU
		{E0073F92-F336-4F7F-A08C-7AC8D818165D}.Release|Any CPU.Build.0 = Release|Any CPU
		{8E77DC08-6D70-4C2F-909B-66DA2B972341}.Debug|Any CPU.ActiveCfg = Debug|Any CPU
		{8E77DC08-6D70-4C2F-909B-66DA2B972341}.Debug|Any CPU.Build.0 = Debug|Any CPU
		{8E77DC08-6D70-4C2F-909B-66DA2B972341}.Release|Any CPU.ActiveCfg = Release|Any CPU
		{8E77DC08-6D70-4C2F-909B-66DA2B972341}.Release|Any CPU.Build.0 = Release|Any CPU
		{271648B8-4596-4444-80F9-0ED6999859B5}.Debug|Any CPU.ActiveCfg = Debug|Any CPU
		{271648B8-4596-4444-80F9-0ED6999859B5}.Debug|Any CPU.Build.0 = Debug|Any CPU
		{271648B8-4596-4444-80F9-0ED6999859B5}.Release|Any CPU.ActiveCfg = Release|Any CPU
		{271648B8-4596-4444-80F9-0ED6999859B5}.Release|Any CPU.Build.0 = Release|Any CPU
		{A89A2ADA-D5F2-4286-A72E-05F21C592B6F}.Debug|Any CPU.ActiveCfg = Debug|Any CPU
		{A89A2ADA-D5F2-4286-A72E-05F21C592B6F}.Debug|Any CPU.Build.0 = Debug|Any CPU
		{A89A2ADA-D5F2-4286-A72E-05F21C592B6F}.Release|Any CPU.ActiveCfg = Release|Any CPU
		{A89A2ADA-D5F2-4286-A72E-05F21C592B6F}.Release|Any CPU.Build.0 = Release|Any CPU
		{B5FF8ECF-A6D0-4453-9A9A-31454D8039F3}.Debug|Any CPU.ActiveCfg = Debug|Any CPU
		{B5FF8ECF-A6D0-4453-9A9A-31454D8039F3}.Debug|Any CPU.Build.0 = Debug|Any CPU
		{B5FF8ECF-A6D0-4453-9A9A-31454D8039F3}.Release|Any CPU.ActiveCfg = Release|Any CPU
		{B5FF8ECF-A6D0-4453-9A9A-31454D8039F3}.Release|Any CPU.Build.0 = Release|Any CPU
		{308DF8EE-60C2-4AD2-9581-B973AC91C33D}.Debug|Any CPU.ActiveCfg = Debug|Any CPU
		{308DF8EE-60C2-4AD2-9581-B973AC91C33D}.Debug|Any CPU.Build.0 = Debug|Any CPU
		{308DF8EE-60C2-4AD2-9581-B973AC91C33D}.Release|Any CPU.ActiveCfg = Release|Any CPU
		{308DF8EE-60C2-4AD2-9581-B973AC91C33D}.Release|Any CPU.Build.0 = Release|Any CPU
		{E0B020E7-BFC6-4D43-8528-83A3BFF2F724}.Debug|Any CPU.ActiveCfg = Debug|Any CPU
		{E0B020E7-BFC6-4D43-8528-83A3BFF2F724}.Debug|Any CPU.Build.0 = Debug|Any CPU
		{E0B020E7-BFC6-4D43-8528-83A3BFF2F724}.Release|Any CPU.ActiveCfg = Release|Any CPU
		{E0B020E7-BFC6-4D43-8528-83A3BFF2F724}.Release|Any CPU.Build.0 = Release|Any CPU
		{6A6A4CB8-8F69-405D-81DD-70DB867D0CAB}.Debug|Any CPU.ActiveCfg = Debug|Any CPU
		{6A6A4CB8-8F69-405D-81DD-70DB867D0CAB}.Debug|Any CPU.Build.0 = Debug|Any CPU
		{6A6A4CB8-8F69-405D-81DD-70DB867D0CAB}.Release|Any CPU.ActiveCfg = Release|Any CPU
		{6A6A4CB8-8F69-405D-81DD-70DB867D0CAB}.Release|Any CPU.Build.0 = Release|Any CPU
		{413D845B-A7CA-41BD-9770-C6B4A3EBB92A}.Debug|Any CPU.ActiveCfg = Debug|Any CPU
		{413D845B-A7CA-41BD-9770-C6B4A3EBB92A}.Debug|Any CPU.Build.0 = Debug|Any CPU
		{413D845B-A7CA-41BD-9770-C6B4A3EBB92A}.Release|Any CPU.ActiveCfg = Release|Any CPU
		{413D845B-A7CA-41BD-9770-C6B4A3EBB92A}.Release|Any CPU.Build.0 = Release|Any CPU
		{7D775B46-FD70-4A26-82EC-4A249EB5AF33}.Debug|Any CPU.ActiveCfg = Debug|Any CPU
		{7D775B46-FD70-4A26-82EC-4A249EB5AF33}.Debug|Any CPU.Build.0 = Debug|Any CPU
		{7D775B46-FD70-4A26-82EC-4A249EB5AF33}.Release|Any CPU.ActiveCfg = Release|Any CPU
		{7D775B46-FD70-4A26-82EC-4A249EB5AF33}.Release|Any CPU.Build.0 = Release|Any CPU
		{2A8E8BEB-26AC-4346-AD5F-F709B395C367}.Debug|Any CPU.ActiveCfg = Debug|Any CPU
		{2A8E8BEB-26AC-4346-AD5F-F709B395C367}.Debug|Any CPU.Build.0 = Debug|Any CPU
		{2A8E8BEB-26AC-4346-AD5F-F709B395C367}.Release|Any CPU.ActiveCfg = Release|Any CPU
		{2A8E8BEB-26AC-4346-AD5F-F709B395C367}.Release|Any CPU.Build.0 = Release|Any CPU
	EndGlobalSection
	GlobalSection(SolutionProperties) = preSolution
		HideSolutionNode = FALSE
	EndGlobalSection
EndGlobal
