
Microsoft Visual Studio Solution File, Format Version 12.00
# Visual Studio Express 2013 for Windows Desktop
VisualStudioVersion = 12.0.21005.1
MinimumVisualStudioVersion = 10.0.40219.1
Project("{FAE04EC0-301F-11D3-BF4B-00C04F79EFBC}") = "01-Sum-of-3-numbers", "01-Sum-of-3-numbers\01-Sum-of-3-numbers.csproj", "{E0073F92-F336-4F7F-A08C-7AC8D818165D}"
EndProject
Project("{FAE04EC0-301F-11D3-BF4B-00C04F79EFBC}") = "02-Print-company-information", "02-Print-company-information\02-Print-company-information.csproj", "{8E77DC08-6D70-4C2F-909B-66DA2B972341}"
EndProject
Project("{FAE04EC0-301F-11D3-BF4B-00C04F79EFBC}") = "03-Circle-Perimeter-and-Area", "03-Circle-Perimeter-and-Area\03-Circle-Perimeter-and-Area.csproj", "{271648B8-4596-4444-80F9-0ED6999859B5}"
EndProject
Global
	GlobalSection(SolutionConfigurationPlatforms) = preSolution
		Debug|Any CPU = Debug|Any CPU
		Release|Any CPU = Release|Any CPU
	EndGlobalSection
	GlobalSection(ProjectConfigurationPlatforms) = postSolution
		{E0073F92-F336-4F7F-A08C-7AC8D818165D}.Debug|Any CPU.ActiveCfg = Debug|Any CPU
		{E0073F92-F336-4F7F-A08C-7AC8D818165D}.Debug|Any CPU.Build.0 = Debug|Any CPU
		{E0073F92-F336-4F7F-A08C-7AC8D818165D}.Release|Any CPU.ActiveCfg = Release|Any CPU
		{E0073F92-F336-4F7F-A08C-7AC8D818165D}.Release|Any CPU.Build.0 = Release|Any CPU
		{8E77DC08-6D70-4C2F-909B-66DA2B972341}.Debug|Any CPU.ActiveCfg = Debug|Any CPU
		{8E77DC08-6D70-4C2F-909B-66DA2B972341}.Debug|Any CPU.Build.0 = Debug|Any CPU
		{8E77DC08-6D70-4C2F-909B-66DA2B972341}.Release|Any CPU.ActiveCfg = Release|Any CPU
		{8E77DC08-6D70-4C2F-909B-66DA2B972341}.Release|Any CPU.Build.0 = Release|Any CPU
		{271648B8-4596-4444-80F9-0ED6999859B5}.Debug|Any CPU.ActiveCfg = Debug|Any CPU
		{271648B8-4596-4444-80F9-0ED6999859B5}.Debug|Any CPU.Build.0 = Debug|Any CPU
		{271648B8-4596-4444-80F9-0ED6999859B5}.Release|Any CPU.ActiveCfg = Release|Any CPU
		{271648B8-4596-4444-80F9-0ED6999859B5}.Release|Any CPU.Build.0 = Release|Any CPU
	EndGlobalSection
	GlobalSection(SolutionProperties) = preSolution
		HideSolutionNode = FALSE
	EndGlobalSection
EndGlobal
